
Microsoft Visual Studio Solution File, Format Version 12.00
# Visual Studio Version 17
VisualStudioVersion = 17.11.35312.102
MinimumVisualStudioVersion = 10.0.40219.1
Project("{FAE04EC0-301F-11D3-BF4B-00C04F79EFBC}") = "CurriculumVitaeManagementAPI", "CurriculumVitaeManagementAPI.csproj", "{CE73BFD4-0EC8-4F66-B9CA-36619EB4688B}"
EndProject
Global
	GlobalSection(SolutionConfigurationPlatforms) = preSolution
		Debug|Any CPU = Debug|Any CPU
		Release|Any CPU = Release|Any CPU
	EndGlobalSection
	GlobalSection(ProjectConfigurationPlatforms) = postSolution
		{CE73BFD4-0EC8-4F66-B9CA-36619EB4688B}.Debug|Any CPU.ActiveCfg = Debug|Any CPU
		{CE73BFD4-0EC8-4F66-B9CA-36619EB4688B}.Debug|Any CPU.Build.0 = Debug|Any CPU
		{CE73BFD4-0EC8-4F66-B9CA-36619EB4688B}.Release|Any CPU.ActiveCfg = Release|Any CPU
		{CE73BFD4-0EC8-4F66-B9CA-36619EB4688B}.Release|Any CPU.Build.0 = Release|Any CPU
	EndGlobalSection
	GlobalSection(SolutionProperties) = preSolution
		HideSolutionNode = FALSE
	EndGlobalSection
	GlobalSection(ExtensibilityGlobals) = postSolution
		SolutionGuid = {A3B318BD-DA98-4D20-8F93-14C5426B5776}
	EndGlobalSection
EndGlobal
